
Microsoft Visual Studio Solution File, Format Version 12.00
# Visual Studio Version 17
VisualStudioVersion = 17.0.31903.59
MinimumVisualStudioVersion = 10.0.40219.1
Project("{FAE04EC0-301F-11D3-BF4B-00C04F79EFBC}") = "OsuDb.Console", "OsuDb.Console\OsuDb.Console.csproj", "{DD73D3E9-F77D-469D-A829-2A3CF6DB5BD3}"
EndProject
Project("{FAE04EC0-301F-11D3-BF4B-00C04F79EFBC}") = "OsuDb.Core", "OsuDb.Core\OsuDb.Core.csproj", "{F058FFA0-47E9-4137-ABF1-C8F4174BFCA5}"
EndProject
Global
	GlobalSection(SolutionConfigurationPlatforms) = preSolution
		Debug|Any CPU = Debug|Any CPU
		Release|Any CPU = Release|Any CPU
	EndGlobalSection
	GlobalSection(ProjectConfigurationPlatforms) = postSolution
		{DD73D3E9-F77D-469D-A829-2A3CF6DB5BD3}.Debug|Any CPU.ActiveCfg = Debug|Any CPU
		{DD73D3E9-F77D-469D-A829-2A3CF6DB5BD3}.Debug|Any CPU.Build.0 = Debug|Any CPU
		{DD73D3E9-F77D-469D-A829-2A3CF6DB5BD3}.Release|Any CPU.ActiveCfg = Release|Any CPU
		{DD73D3E9-F77D-469D-A829-2A3CF6DB5BD3}.Release|Any CPU.Build.0 = Release|Any CPU
		{F058FFA0-47E9-4137-ABF1-C8F4174BFCA5}.Debug|Any CPU.ActiveCfg = Debug|Any CPU
		{F058FFA0-47E9-4137-ABF1-C8F4174BFCA5}.Debug|Any CPU.Build.0 = Debug|Any CPU
		{F058FFA0-47E9-4137-ABF1-C8F4174BFCA5}.Release|Any CPU.ActiveCfg = Release|Any CPU
		{F058FFA0-47E9-4137-ABF1-C8F4174BFCA5}.Release|Any CPU.Build.0 = Release|Any CPU
	EndGlobalSection
	GlobalSection(SolutionProperties) = preSolution
		HideSolutionNode = FALSE
	EndGlobalSection
	GlobalSection(ExtensibilityGlobals) = postSolution
		SolutionGuid = {515C6B1A-E052-4C44-9718-334A5AD6B54D}
	EndGlobalSection
EndGlobal
