
Microsoft Visual Studio Solution File, Format Version 12.00
# Visual Studio Version 17
VisualStudioVersion = 17.0.31903.59
MinimumVisualStudioVersion = 10.0.40219.1
Project("{9A19103F-16F7-4668-BE54-9A1E7A4F7556}") = "OsuDb.Console", "OsuDb.Console\OsuDb.Console.csproj", "{DD73D3E9-F77D-469D-A829-2A3CF6DB5BD3}"
EndProject
Project("{9A19103F-16F7-4668-BE54-9A1E7A4F7556}") = "OsuDb.Core", "OsuDb.Core\OsuDb.Core.csproj", "{F058FFA0-47E9-4137-ABF1-C8F4174BFCA5}"
EndProject
Project("{FAE04EC0-301F-11D3-BF4B-00C04F79EFBC}") = "OsuDb.ReplayMasterUI", "OsuDb.ReplayMasterUI\OsuDb.ReplayMasterUI.csproj", "{E4C8F287-1F62-40FE-9902-53A0B3A4F7B8}"
EndProject
Global
	GlobalSection(SolutionConfigurationPlatforms) = preSolution
		Debug|Any CPU = Debug|Any CPU
		Debug|arm64 = Debug|arm64
		Debug|x64 = Debug|x64
		Debug|x86 = Debug|x86
		Release|Any CPU = Release|Any CPU
		Release|arm64 = Release|arm64
		Release|x64 = Release|x64
		Release|x86 = Release|x86
	EndGlobalSection
	GlobalSection(ProjectConfigurationPlatforms) = postSolution
		{DD73D3E9-F77D-469D-A829-2A3CF6DB5BD3}.Debug|Any CPU.ActiveCfg = Debug|Any CPU
		{DD73D3E9-F77D-469D-A829-2A3CF6DB5BD3}.Debug|Any CPU.Build.0 = Debug|Any CPU
		{DD73D3E9-F77D-469D-A829-2A3CF6DB5BD3}.Debug|arm64.ActiveCfg = Debug|Any CPU
		{DD73D3E9-F77D-469D-A829-2A3CF6DB5BD3}.Debug|arm64.Build.0 = Debug|Any CPU
		{DD73D3E9-F77D-469D-A829-2A3CF6DB5BD3}.Debug|x64.ActiveCfg = Debug|Any CPU
		{DD73D3E9-F77D-469D-A829-2A3CF6DB5BD3}.Debug|x64.Build.0 = Debug|Any CPU
		{DD73D3E9-F77D-469D-A829-2A3CF6DB5BD3}.Debug|x86.ActiveCfg = Debug|Any CPU
		{DD73D3E9-F77D-469D-A829-2A3CF6DB5BD3}.Debug|x86.Build.0 = Debug|Any CPU
		{DD73D3E9-F77D-469D-A829-2A3CF6DB5BD3}.Release|Any CPU.ActiveCfg = Release|Any CPU
		{DD73D3E9-F77D-469D-A829-2A3CF6DB5BD3}.Release|Any CPU.Build.0 = Release|Any CPU
		{DD73D3E9-F77D-469D-A829-2A3CF6DB5BD3}.Release|arm64.ActiveCfg = Release|Any CPU
		{DD73D3E9-F77D-469D-A829-2A3CF6DB5BD3}.Release|arm64.Build.0 = Release|Any CPU
		{DD73D3E9-F77D-469D-A829-2A3CF6DB5BD3}.Release|x64.ActiveCfg = Release|Any CPU
		{DD73D3E9-F77D-469D-A829-2A3CF6DB5BD3}.Release|x64.Build.0 = Release|Any CPU
		{DD73D3E9-F77D-469D-A829-2A3CF6DB5BD3}.Release|x86.ActiveCfg = Release|Any CPU
		{DD73D3E9-F77D-469D-A829-2A3CF6DB5BD3}.Release|x86.Build.0 = Release|Any CPU
		{F058FFA0-47E9-4137-ABF1-C8F4174BFCA5}.Debug|Any CPU.ActiveCfg = Debug|Any CPU
		{F058FFA0-47E9-4137-ABF1-C8F4174BFCA5}.Debug|Any CPU.Build.0 = Debug|Any CPU
		{F058FFA0-47E9-4137-ABF1-C8F4174BFCA5}.Debug|arm64.ActiveCfg = Debug|Any CPU
		{F058FFA0-47E9-4137-ABF1-C8F4174BFCA5}.Debug|arm64.Build.0 = Debug|Any CPU
		{F058FFA0-47E9-4137-ABF1-C8F4174BFCA5}.Debug|x64.ActiveCfg = Debug|Any CPU
		{F058FFA0-47E9-4137-ABF1-C8F4174BFCA5}.Debug|x64.Build.0 = Debug|Any CPU
		{F058FFA0-47E9-4137-ABF1-C8F4174BFCA5}.Debug|x86.ActiveCfg = Debug|Any CPU
		{F058FFA0-47E9-4137-ABF1-C8F4174BFCA5}.Debug|x86.Build.0 = Debug|Any CPU
		{F058FFA0-47E9-4137-ABF1-C8F4174BFCA5}.Release|Any CPU.ActiveCfg = Release|Any CPU
		{F058FFA0-47E9-4137-ABF1-C8F4174BFCA5}.Release|Any CPU.Build.0 = Release|Any CPU
		{F058FFA0-47E9-4137-ABF1-C8F4174BFCA5}.Release|arm64.ActiveCfg = Release|Any CPU
		{F058FFA0-47E9-4137-ABF1-C8F4174BFCA5}.Release|arm64.Build.0 = Release|Any CPU
		{F058FFA0-47E9-4137-ABF1-C8F4174BFCA5}.Release|x64.ActiveCfg = Release|Any CPU
		{F058FFA0-47E9-4137-ABF1-C8F4174BFCA5}.Release|x64.Build.0 = Release|Any CPU
		{F058FFA0-47E9-4137-ABF1-C8F4174BFCA5}.Release|x86.ActiveCfg = Release|Any CPU
		{F058FFA0-47E9-4137-ABF1-C8F4174BFCA5}.Release|x86.Build.0 = Release|Any CPU
		{E4C8F287-1F62-40FE-9902-53A0B3A4F7B8}.Debug|Any CPU.ActiveCfg = Debug|x64
		{E4C8F287-1F62-40FE-9902-53A0B3A4F7B8}.Debug|Any CPU.Build.0 = Debug|x64
		{E4C8F287-1F62-40FE-9902-53A0B3A4F7B8}.Debug|Any CPU.Deploy.0 = Debug|x64
		{E4C8F287-1F62-40FE-9902-53A0B3A4F7B8}.Debug|arm64.ActiveCfg = Debug|arm64
		{E4C8F287-1F62-40FE-9902-53A0B3A4F7B8}.Debug|arm64.Build.0 = Debug|arm64
		{E4C8F287-1F62-40FE-9902-53A0B3A4F7B8}.Debug|arm64.Deploy.0 = Debug|arm64
		{E4C8F287-1F62-40FE-9902-53A0B3A4F7B8}.Debug|x64.ActiveCfg = Debug|x64
		{E4C8F287-1F62-40FE-9902-53A0B3A4F7B8}.Debug|x64.Build.0 = Debug|x64
		{E4C8F287-1F62-40FE-9902-53A0B3A4F7B8}.Debug|x64.Deploy.0 = Debug|x64
		{E4C8F287-1F62-40FE-9902-53A0B3A4F7B8}.Debug|x86.ActiveCfg = Debug|x86
		{E4C8F287-1F62-40FE-9902-53A0B3A4F7B8}.Debug|x86.Build.0 = Debug|x86
		{E4C8F287-1F62-40FE-9902-53A0B3A4F7B8}.Debug|x86.Deploy.0 = Debug|x86
		{E4C8F287-1F62-40FE-9902-53A0B3A4F7B8}.Release|Any CPU.ActiveCfg = Release|x64
		{E4C8F287-1F62-40FE-9902-53A0B3A4F7B8}.Release|Any CPU.Build.0 = Release|x64
		{E4C8F287-1F62-40FE-9902-53A0B3A4F7B8}.Release|Any CPU.Deploy.0 = Release|x64
		{E4C8F287-1F62-40FE-9902-53A0B3A4F7B8}.Release|arm64.ActiveCfg = Release|arm64
		{E4C8F287-1F62-40FE-9902-53A0B3A4F7B8}.Release|arm64.Build.0 = Release|arm64
		{E4C8F287-1F62-40FE-9902-53A0B3A4F7B8}.Release|arm64.Deploy.0 = Release|arm64
		{E4C8F287-1F62-40FE-9902-53A0B3A4F7B8}.Release|x64.ActiveCfg = Release|x64
		{E4C8F287-1F62-40FE-9902-53A0B3A4F7B8}.Release|x64.Build.0 = Release|x64
		{E4C8F287-1F62-40FE-9902-53A0B3A4F7B8}.Release|x64.Deploy.0 = Release|x64
		{E4C8F287-1F62-40FE-9902-53A0B3A4F7B8}.Release|x86.ActiveCfg = Release|x86
		{E4C8F287-1F62-40FE-9902-53A0B3A4F7B8}.Release|x86.Build.0 = Release|x86
		{E4C8F287-1F62-40FE-9902-53A0B3A4F7B8}.Release|x86.Deploy.0 = Release|x86
	EndGlobalSection
	GlobalSection(SolutionProperties) = preSolution
		HideSolutionNode = FALSE
	EndGlobalSection
	GlobalSection(ExtensibilityGlobals) = postSolution
		SolutionGuid = {515C6B1A-E052-4C44-9718-334A5AD6B54D}
	EndGlobalSection
EndGlobal
