
Microsoft Visual Studio Solution File, Format Version 12.00
# Visual Studio Version 17
VisualStudioVersion = 17.0.31903.59
MinimumVisualStudioVersion = 10.0.40219.1
Project("{9A19103F-16F7-4668-BE54-9A1E7A4F7556}") = "OsuDb.Console", "OsuDb.Console\OsuDb.Console.csproj", "{DD73D3E9-F77D-469D-A829-2A3CF6DB5BD3}"
EndProject
Project("{9A19103F-16F7-4668-BE54-9A1E7A4F7556}") = "OsuDb.Core", "OsuDb.Core\OsuDb.Core.csproj", "{F058FFA0-47E9-4137-ABF1-C8F4174BFCA5}"
EndProject
Project("{C7167F0D-BC9F-4E6E-AFE1-012C56B48DB5}") = "ReplayMaster.UI (Package)", "ReplayMaster.UI\ReplayMaster.UI (Package)\ReplayMaster.UI (Package).wapproj", "{A45AE011-3FF8-4B61-BFDE-755D302C47AF}"
EndProject
Project("{9A19103F-16F7-4668-BE54-9A1E7A4F7556}") = "ReplayMaster.UI", "ReplayMaster.UI\ReplayMaster.UI\ReplayMaster.UI.csproj", "{A18264A1-324F-4DCD-974F-9D5B8884E615}"
EndProject
Global
	GlobalSection(SolutionConfigurationPlatforms) = preSolution
		Debug|Any CPU = Debug|Any CPU
		Debug|arm64 = Debug|arm64
		Debug|x64 = Debug|x64
		Debug|x86 = Debug|x86
		Release|Any CPU = Release|Any CPU
		Release|arm64 = Release|arm64
		Release|x64 = Release|x64
		Release|x86 = Release|x86
	EndGlobalSection
	GlobalSection(ProjectConfigurationPlatforms) = postSolution
		{DD73D3E9-F77D-469D-A829-2A3CF6DB5BD3}.Debug|Any CPU.ActiveCfg = Debug|Any CPU
		{DD73D3E9-F77D-469D-A829-2A3CF6DB5BD3}.Debug|Any CPU.Build.0 = Debug|Any CPU
		{DD73D3E9-F77D-469D-A829-2A3CF6DB5BD3}.Debug|arm64.ActiveCfg = Debug|Any CPU
		{DD73D3E9-F77D-469D-A829-2A3CF6DB5BD3}.Debug|arm64.Build.0 = Debug|Any CPU
		{DD73D3E9-F77D-469D-A829-2A3CF6DB5BD3}.Debug|x64.ActiveCfg = Debug|Any CPU
		{DD73D3E9-F77D-469D-A829-2A3CF6DB5BD3}.Debug|x64.Build.0 = Debug|Any CPU
		{DD73D3E9-F77D-469D-A829-2A3CF6DB5BD3}.Debug|x86.ActiveCfg = Debug|Any CPU
		{DD73D3E9-F77D-469D-A829-2A3CF6DB5BD3}.Debug|x86.Build.0 = Debug|Any CPU
		{DD73D3E9-F77D-469D-A829-2A3CF6DB5BD3}.Release|Any CPU.ActiveCfg = Release|Any CPU
		{DD73D3E9-F77D-469D-A829-2A3CF6DB5BD3}.Release|Any CPU.Build.0 = Release|Any CPU
		{DD73D3E9-F77D-469D-A829-2A3CF6DB5BD3}.Release|arm64.ActiveCfg = Release|Any CPU
		{DD73D3E9-F77D-469D-A829-2A3CF6DB5BD3}.Release|arm64.Build.0 = Release|Any CPU
		{DD73D3E9-F77D-469D-A829-2A3CF6DB5BD3}.Release|x64.ActiveCfg = Release|Any CPU
		{DD73D3E9-F77D-469D-A829-2A3CF6DB5BD3}.Release|x64.Build.0 = Release|Any CPU
		{DD73D3E9-F77D-469D-A829-2A3CF6DB5BD3}.Release|x86.ActiveCfg = Release|Any CPU
		{DD73D3E9-F77D-469D-A829-2A3CF6DB5BD3}.Release|x86.Build.0 = Release|Any CPU
		{F058FFA0-47E9-4137-ABF1-C8F4174BFCA5}.Debug|Any CPU.ActiveCfg = Debug|Any CPU
		{F058FFA0-47E9-4137-ABF1-C8F4174BFCA5}.Debug|Any CPU.Build.0 = Debug|Any CPU
		{F058FFA0-47E9-4137-ABF1-C8F4174BFCA5}.Debug|arm64.ActiveCfg = Debug|Any CPU
		{F058FFA0-47E9-4137-ABF1-C8F4174BFCA5}.Debug|arm64.Build.0 = Debug|Any CPU
		{F058FFA0-47E9-4137-ABF1-C8F4174BFCA5}.Debug|x64.ActiveCfg = Debug|Any CPU
		{F058FFA0-47E9-4137-ABF1-C8F4174BFCA5}.Debug|x64.Build.0 = Debug|Any CPU
		{F058FFA0-47E9-4137-ABF1-C8F4174BFCA5}.Debug|x86.ActiveCfg = Debug|Any CPU
		{F058FFA0-47E9-4137-ABF1-C8F4174BFCA5}.Debug|x86.Build.0 = Debug|Any CPU
		{F058FFA0-47E9-4137-ABF1-C8F4174BFCA5}.Release|Any CPU.ActiveCfg = Release|Any CPU
		{F058FFA0-47E9-4137-ABF1-C8F4174BFCA5}.Release|Any CPU.Build.0 = Release|Any CPU
		{F058FFA0-47E9-4137-ABF1-C8F4174BFCA5}.Release|arm64.ActiveCfg = Release|Any CPU
		{F058FFA0-47E9-4137-ABF1-C8F4174BFCA5}.Release|arm64.Build.0 = Release|Any CPU
		{F058FFA0-47E9-4137-ABF1-C8F4174BFCA5}.Release|x64.ActiveCfg = Release|Any CPU
		{F058FFA0-47E9-4137-ABF1-C8F4174BFCA5}.Release|x64.Build.0 = Release|Any CPU
		{F058FFA0-47E9-4137-ABF1-C8F4174BFCA5}.Release|x86.ActiveCfg = Release|Any CPU
		{F058FFA0-47E9-4137-ABF1-C8F4174BFCA5}.Release|x86.Build.0 = Release|Any CPU
		{A45AE011-3FF8-4B61-BFDE-755D302C47AF}.Debug|Any CPU.ActiveCfg = Debug|x64
		{A45AE011-3FF8-4B61-BFDE-755D302C47AF}.Debug|Any CPU.Build.0 = Debug|x64
		{A45AE011-3FF8-4B61-BFDE-755D302C47AF}.Debug|Any CPU.Deploy.0 = Debug|x64
		{A45AE011-3FF8-4B61-BFDE-755D302C47AF}.Debug|arm64.ActiveCfg = Debug|arm64
		{A45AE011-3FF8-4B61-BFDE-755D302C47AF}.Debug|arm64.Build.0 = Debug|arm64
		{A45AE011-3FF8-4B61-BFDE-755D302C47AF}.Debug|arm64.Deploy.0 = Debug|arm64
		{A45AE011-3FF8-4B61-BFDE-755D302C47AF}.Debug|x64.ActiveCfg = Debug|x64
		{A45AE011-3FF8-4B61-BFDE-755D302C47AF}.Debug|x64.Build.0 = Debug|x64
		{A45AE011-3FF8-4B61-BFDE-755D302C47AF}.Debug|x64.Deploy.0 = Debug|x64
		{A45AE011-3FF8-4B61-BFDE-755D302C47AF}.Debug|x86.ActiveCfg = Debug|x86
		{A45AE011-3FF8-4B61-BFDE-755D302C47AF}.Debug|x86.Build.0 = Debug|x86
		{A45AE011-3FF8-4B61-BFDE-755D302C47AF}.Debug|x86.Deploy.0 = Debug|x86
		{A45AE011-3FF8-4B61-BFDE-755D302C47AF}.Release|Any CPU.ActiveCfg = Release|x64
		{A45AE011-3FF8-4B61-BFDE-755D302C47AF}.Release|Any CPU.Build.0 = Release|x64
		{A45AE011-3FF8-4B61-BFDE-755D302C47AF}.Release|Any CPU.Deploy.0 = Release|x64
		{A45AE011-3FF8-4B61-BFDE-755D302C47AF}.Release|arm64.ActiveCfg = Release|arm64
		{A45AE011-3FF8-4B61-BFDE-755D302C47AF}.Release|arm64.Build.0 = Release|arm64
		{A45AE011-3FF8-4B61-BFDE-755D302C47AF}.Release|arm64.Deploy.0 = Release|arm64
		{A45AE011-3FF8-4B61-BFDE-755D302C47AF}.Release|x64.ActiveCfg = Release|x64
		{A45AE011-3FF8-4B61-BFDE-755D302C47AF}.Release|x64.Build.0 = Release|x64
		{A45AE011-3FF8-4B61-BFDE-755D302C47AF}.Release|x64.Deploy.0 = Release|x64
		{A45AE011-3FF8-4B61-BFDE-755D302C47AF}.Release|x86.ActiveCfg = Release|x86
		{A45AE011-3FF8-4B61-BFDE-755D302C47AF}.Release|x86.Build.0 = Release|x86
		{A45AE011-3FF8-4B61-BFDE-755D302C47AF}.Release|x86.Deploy.0 = Release|x86
		{A18264A1-324F-4DCD-974F-9D5B8884E615}.Debug|Any CPU.ActiveCfg = Debug|x64
		{A18264A1-324F-4DCD-974F-9D5B8884E615}.Debug|Any CPU.Build.0 = Debug|x64
		{A18264A1-324F-4DCD-974F-9D5B8884E615}.Debug|arm64.ActiveCfg = Debug|arm64
		{A18264A1-324F-4DCD-974F-9D5B8884E615}.Debug|arm64.Build.0 = Debug|arm64
		{A18264A1-324F-4DCD-974F-9D5B8884E615}.Debug|x64.ActiveCfg = Debug|x64
		{A18264A1-324F-4DCD-974F-9D5B8884E615}.Debug|x64.Build.0 = Debug|x64
		{A18264A1-324F-4DCD-974F-9D5B8884E615}.Debug|x86.ActiveCfg = Debug|x86
		{A18264A1-324F-4DCD-974F-9D5B8884E615}.Debug|x86.Build.0 = Debug|x86
		{A18264A1-324F-4DCD-974F-9D5B8884E615}.Release|Any CPU.ActiveCfg = Release|x64
		{A18264A1-324F-4DCD-974F-9D5B8884E615}.Release|Any CPU.Build.0 = Release|x64
		{A18264A1-324F-4DCD-974F-9D5B8884E615}.Release|arm64.ActiveCfg = Release|arm64
		{A18264A1-324F-4DCD-974F-9D5B8884E615}.Release|arm64.Build.0 = Release|arm64
		{A18264A1-324F-4DCD-974F-9D5B8884E615}.Release|x64.ActiveCfg = Release|x64
		{A18264A1-324F-4DCD-974F-9D5B8884E615}.Release|x64.Build.0 = Release|x64
		{A18264A1-324F-4DCD-974F-9D5B8884E615}.Release|x86.ActiveCfg = Release|x86
		{A18264A1-324F-4DCD-974F-9D5B8884E615}.Release|x86.Build.0 = Release|x86
	EndGlobalSection
	GlobalSection(SolutionProperties) = preSolution
		HideSolutionNode = FALSE
	EndGlobalSection
	GlobalSection(ExtensibilityGlobals) = postSolution
		SolutionGuid = {515C6B1A-E052-4C44-9718-334A5AD6B54D}
	EndGlobalSection
EndGlobal
